
Microsoft Visual Studio Solution File, Format Version 12.00
# Visual Studio 15
VisualStudioVersion = 15.0.28010.2046
MinimumVisualStudioVersion = 10.0.40219.1
Project("{FAE04EC0-301F-11D3-BF4B-00C04F79EFBC}") = "COMP123-S019-Lesson9B", "COMP123-S019-Lesson9B\COMP123-S019-Lesson9B.csproj", "{3DF121F5-C28B-4B30-BEF3-E4BED7A79585}"
EndProject
Global
	GlobalSection(SolutionConfigurationPlatforms) = preSolution
		Debug|Any CPU = Debug|Any CPU
		Release|Any CPU = Release|Any CPU
	EndGlobalSection
	GlobalSection(ProjectConfigurationPlatforms) = postSolution
		{3DF121F5-C28B-4B30-BEF3-E4BED7A79585}.Debug|Any CPU.ActiveCfg = Debug|Any CPU
		{3DF121F5-C28B-4B30-BEF3-E4BED7A79585}.Debug|Any CPU.Build.0 = Debug|Any CPU
		{3DF121F5-C28B-4B30-BEF3-E4BED7A79585}.Release|Any CPU.ActiveCfg = Release|Any CPU
		{3DF121F5-C28B-4B30-BEF3-E4BED7A79585}.Release|Any CPU.Build.0 = Release|Any CPU
	EndGlobalSection
	GlobalSection(SolutionProperties) = preSolution
		HideSolutionNode = FALSE
	EndGlobalSection
	GlobalSection(ExtensibilityGlobals) = postSolution
		SolutionGuid = {1D807D11-FF72-4F26-8F30-3F37AA71E406}
	EndGlobalSection
EndGlobal
